
Microsoft Visual Studio Solution File, Format Version 12.00
# Visual Studio Version 17
VisualStudioVersion = 17.1.32319.34
MinimumVisualStudioVersion = 10.0.40219.1
Project("{FAE04EC0-301F-11D3-BF4B-00C04F79EFBC}") = "ProjectNew", "ProjectNew\ProjectNew.csproj", "{EEE0D0B4-E932-4752-A12B-72E8635616D5}"
EndProject
Global
	GlobalSection(SolutionConfigurationPlatforms) = preSolution
		Debug|Any CPU = Debug|Any CPU
		Release|Any CPU = Release|Any CPU
	EndGlobalSection
	GlobalSection(ProjectConfigurationPlatforms) = postSolution
		{EEE0D0B4-E932-4752-A12B-72E8635616D5}.Debug|Any CPU.ActiveCfg = Debug|Any CPU
		{EEE0D0B4-E932-4752-A12B-72E8635616D5}.Debug|Any CPU.Build.0 = Debug|Any CPU
		{EEE0D0B4-E932-4752-A12B-72E8635616D5}.Release|Any CPU.ActiveCfg = Release|Any CPU
		{EEE0D0B4-E932-4752-A12B-72E8635616D5}.Release|Any CPU.Build.0 = Release|Any CPU
	EndGlobalSection
	GlobalSection(SolutionProperties) = preSolution
		HideSolutionNode = FALSE
	EndGlobalSection
	GlobalSection(ExtensibilityGlobals) = postSolution
		SolutionGuid = {F4AED47A-A646-4868-94F2-ED33A04F776F}
	EndGlobalSection
EndGlobal
